// !$*UTF8*$!
{
	archiveVersion = 1;
	classes = {
	};
	objectVersion = 46;
	objects = {

/* Begin PBXBuildFile section */
		BD38F1551DC9799600C2A106 /* UIViewTransitionViewController.m in Sources */ = {isa = PBXBuildFile; fileRef = BD38F1541DC9799600C2A106 /* UIViewTransitionViewController.m */; };
		BD38F1581DC979E200C2A106 /* XView.m in Sources */ = {isa = PBXBuildFile; fileRef = BD38F1571DC979E200C2A106 /* XView.m */; };
		BD38F15B1DC97A5200C2A106 /* CJTimer.m in Sources */ = {isa = PBXBuildFile; fileRef = BD38F15A1DC97A5200C2A106 /* CJTimer.m */; };
		BD38F1611DC97A8300C2A106 /* UIButton+CJ.m in Sources */ = {isa = PBXBuildFile; fileRef = BD38F15E1DC97A8300C2A106 /* UIButton+CJ.m */; };
		BD38F1621DC97A8300C2A106 /* UILabel+CJ.m in Sources */ = {isa = PBXBuildFile; fileRef = BD38F1601DC97A8300C2A106 /* UILabel+CJ.m */; };
		BD38F1651DC97A9700C2A106 /* UIView+PYFrame.m in Sources */ = {isa = PBXBuildFile; fileRef = BD38F1641DC97A9700C2A106 /* UIView+PYFrame.m */; };
		BDBBE0391DB4A40E00BABF82 /* main.m in Sources */ = {isa = PBXBuildFile; fileRef = BDBBE0381DB4A40E00BABF82 /* main.m */; };
		BDBBE03C1DB4A40E00BABF82 /* AppDelegate.m in Sources */ = {isa = PBXBuildFile; fileRef = BDBBE03B1DB4A40E00BABF82 /* AppDelegate.m */; };
		BDBBE0441DB4A40E00BABF82 /* Assets.xcassets in Resources */ = {isa = PBXBuildFile; fileRef = BDBBE0431DB4A40E00BABF82 /* Assets.xcassets */; };
		BDBBE0471DB4A40E00BABF82 /* LaunchScreen.storyboard in Resources */ = {isa = PBXBuildFile; fileRef = BDBBE0451DB4A40E00BABF82 /* LaunchScreen.storyboard */; };
		BDBBE0501DB4A45500BABF82 /* MainTableViewController.m in Sources */ = {isa = PBXBuildFile; fileRef = BDBBE04F1DB4A45500BABF82 /* MainTableViewController.m */; };
		BDBBE08D1DB750C900BABF82 /* WaveEffectView.m in Sources */ = {isa = PBXBuildFile; fileRef = BDBBE08C1DB750C900BABF82 /* WaveEffectView.m */; };
		BDBBE0EC1DBF2A5100BABF82 /* MaskLayerViewController.m in Sources */ = {isa = PBXBuildFile; fileRef = BDBBE0EA1DBF2A5100BABF82 /* MaskLayerViewController.m */; };
		BDBBE0ED1DBF2A5100BABF82 /* MaskLayerViewController.xib in Resources */ = {isa = PBXBuildFile; fileRef = BDBBE0EB1DBF2A5100BABF82 /* MaskLayerViewController.xib */; };
		BDBBE0F11DBF47A900BABF82 /* WaveEffectViewController.m in Sources */ = {isa = PBXBuildFile; fileRef = BDBBE0F01DBF47A900BABF82 /* WaveEffectViewController.m */; };
		BDBBE0F41DBF47B200BABF82 /* VCModel.m in Sources */ = {isa = PBXBuildFile; fileRef = BDBBE0F31DBF47B200BABF82 /* VCModel.m */; };
		BDBBE0F71DBF4A1900BABF82 /* CAGradientLayerViewController.m in Sources */ = {isa = PBXBuildFile; fileRef = BDBBE0F61DBF4A1900BABF82 /* CAGradientLayerViewController.m */; };
		BDBBE0FA1DC08D2D00BABF82 /* CAReplicatorLayerViewController.m in Sources */ = {isa = PBXBuildFile; fileRef = BDBBE0F91DC08D2D00BABF82 /* CAReplicatorLayerViewController.m */; };
/* End PBXBuildFile section */

/* Begin PBXFileReference section */
		BD38F1531DC9799600C2A106 /* UIViewTransitionViewController.h */ = {isa = PBXFileReference; fileEncoding = 4; lastKnownFileType = sourcecode.c.h; path = UIViewTransitionViewController.h; sourceTree = "<group>"; };
		BD38F1541DC9799600C2A106 /* UIViewTransitionViewController.m */ = {isa = PBXFileReference; fileEncoding = 4; lastKnownFileType = sourcecode.c.objc; path = UIViewTransitionViewController.m; sourceTree = "<group>"; };
		BD38F1561DC979E200C2A106 /* XView.h */ = {isa = PBXFileReference; fileEncoding = 4; lastKnownFileType = sourcecode.c.h; path = XView.h; sourceTree = "<group>"; };
		BD38F1571DC979E200C2A106 /* XView.m */ = {isa = PBXFileReference; fileEncoding = 4; lastKnownFileType = sourcecode.c.objc; path = XView.m; sourceTree = "<group>"; };
		BD38F1591DC97A5200C2A106 /* CJTimer.h */ = {isa = PBXFileReference; fileEncoding = 4; lastKnownFileType = sourcecode.c.h; path = CJTimer.h; sourceTree = "<group>"; };
		BD38F15A1DC97A5200C2A106 /* CJTimer.m */ = {isa = PBXFileReference; fileEncoding = 4; lastKnownFileType = sourcecode.c.objc; path = CJTimer.m; sourceTree = "<group>"; };
		BD38F15D1DC97A8300C2A106 /* UIButton+CJ.h */ = {isa = PBXFileReference; fileEncoding = 4; lastKnownFileType = sourcecode.c.h; path = "UIButton+CJ.h"; sourceTree = "<group>"; };
		BD38F15E1DC97A8300C2A106 /* UIButton+CJ.m */ = {isa = PBXFileReference; fileEncoding = 4; lastKnownFileType = sourcecode.c.objc; path = "UIButton+CJ.m"; sourceTree = "<group>"; };
		BD38F15F1DC97A8300C2A106 /* UILabel+CJ.h */ = {isa = PBXFileReference; fileEncoding = 4; lastKnownFileType = sourcecode.c.h; path = "UILabel+CJ.h"; sourceTree = "<group>"; };
		BD38F1601DC97A8300C2A106 /* UILabel+CJ.m */ = {isa = PBXFileReference; fileEncoding = 4; lastKnownFileType = sourcecode.c.objc; path = "UILabel+CJ.m"; sourceTree = "<group>"; };
		BD38F1631DC97A9700C2A106 /* UIView+PYFrame.h */ = {isa = PBXFileReference; fileEncoding = 4; lastKnownFileType = sourcecode.c.h; path = "UIView+PYFrame.h"; sourceTree = "<group>"; };
		BD38F1641DC97A9700C2A106 /* UIView+PYFrame.m */ = {isa = PBXFileReference; fileEncoding = 4; lastKnownFileType = sourcecode.c.objc; path = "UIView+PYFrame.m"; sourceTree = "<group>"; };
		BDBBE0341DB4A40E00BABF82 /* Learning.app */ = {isa = PBXFileReference; explicitFileType = wrapper.application; includeInIndex = 0; path = Learning.app; sourceTree = BUILT_PRODUCTS_DIR; };
		BDBBE0381DB4A40E00BABF82 /* main.m */ = {isa = PBXFileReference; lastKnownFileType = sourcecode.c.objc; path = main.m; sourceTree = "<group>"; };
		BDBBE03A1DB4A40E00BABF82 /* AppDelegate.h */ = {isa = PBXFileReference; lastKnownFileType = sourcecode.c.h; path = AppDelegate.h; sourceTree = "<group>"; };
		BDBBE03B1DB4A40E00BABF82 /* AppDelegate.m */ = {isa = PBXFileReference; lastKnownFileType = sourcecode.c.objc; path = AppDelegate.m; sourceTree = "<group>"; };
		BDBBE0431DB4A40E00BABF82 /* Assets.xcassets */ = {isa = PBXFileReference; lastKnownFileType = folder.assetcatalog; path = Assets.xcassets; sourceTree = "<group>"; };
		BDBBE0461DB4A40E00BABF82 /* Base */ = {isa = PBXFileReference; lastKnownFileType = file.storyboard; name = Base; path = Base.lproj/LaunchScreen.storyboard; sourceTree = "<group>"; };
		BDBBE0481DB4A40E00BABF82 /* Info.plist */ = {isa = PBXFileReference; lastKnownFileType = text.plist.xml; path = Info.plist; sourceTree = "<group>"; };
		BDBBE04E1DB4A45500BABF82 /* MainTableViewController.h */ = {isa = PBXFileReference; fileEncoding = 4; lastKnownFileType = sourcecode.c.h; path = MainTableViewController.h; sourceTree = "<group>"; };
		BDBBE04F1DB4A45500BABF82 /* MainTableViewController.m */ = {isa = PBXFileReference; fileEncoding = 4; lastKnownFileType = sourcecode.c.objc; path = MainTableViewController.m; sourceTree = "<group>"; };
		BDBBE08B1DB750C900BABF82 /* WaveEffectView.h */ = {isa = PBXFileReference; fileEncoding = 4; lastKnownFileType = sourcecode.c.h; path = WaveEffectView.h; sourceTree = "<group>"; };
		BDBBE08C1DB750C900BABF82 /* WaveEffectView.m */ = {isa = PBXFileReference; fileEncoding = 4; lastKnownFileType = sourcecode.c.objc; path = WaveEffectView.m; sourceTree = "<group>"; };
		BDBBE0E91DBF2A5100BABF82 /* MaskLayerViewController.h */ = {isa = PBXFileReference; fileEncoding = 4; lastKnownFileType = sourcecode.c.h; path = MaskLayerViewController.h; sourceTree = "<group>"; };
		BDBBE0EA1DBF2A5100BABF82 /* MaskLayerViewController.m */ = {isa = PBXFileReference; fileEncoding = 4; lastKnownFileType = sourcecode.c.objc; path = MaskLayerViewController.m; sourceTree = "<group>"; };
		BDBBE0EB1DBF2A5100BABF82 /* MaskLayerViewController.xib */ = {isa = PBXFileReference; fileEncoding = 4; lastKnownFileType = file.xib; path = MaskLayerViewController.xib; sourceTree = "<group>"; };
		BDBBE0EE1DBF313800BABF82 /* PrefixHeader.pch */ = {isa = PBXFileReference; lastKnownFileType = sourcecode.c.h; path = PrefixHeader.pch; sourceTree = "<group>"; };
		BDBBE0EF1DBF47A900BABF82 /* WaveEffectViewController.h */ = {isa = PBXFileReference; fileEncoding = 4; lastKnownFileType = sourcecode.c.h; path = WaveEffectViewController.h; sourceTree = "<group>"; };
		BDBBE0F01DBF47A900BABF82 /* WaveEffectViewController.m */ = {isa = PBXFileReference; fileEncoding = 4; lastKnownFileType = sourcecode.c.objc; path = WaveEffectViewController.m; sourceTree = "<group>"; };
		BDBBE0F21DBF47B200BABF82 /* VCModel.h */ = {isa = PBXFileReference; fileEncoding = 4; lastKnownFileType = sourcecode.c.h; path = VCModel.h; sourceTree = "<group>"; };
		BDBBE0F31DBF47B200BABF82 /* VCModel.m */ = {isa = PBXFileReference; fileEncoding = 4; lastKnownFileType = sourcecode.c.objc; path = VCModel.m; sourceTree = "<group>"; };
		BDBBE0F51DBF4A1900BABF82 /* CAGradientLayerViewController.h */ = {isa = PBXFileReference; fileEncoding = 4; lastKnownFileType = sourcecode.c.h; path = CAGradientLayerViewController.h; sourceTree = "<group>"; };
		BDBBE0F61DBF4A1900BABF82 /* CAGradientLayerViewController.m */ = {isa = PBXFileReference; fileEncoding = 4; lastKnownFileType = sourcecode.c.objc; path = CAGradientLayerViewController.m; sourceTree = "<group>"; };
		BDBBE0F81DC08D2D00BABF82 /* CAReplicatorLayerViewController.h */ = {isa = PBXFileReference; fileEncoding = 4; lastKnownFileType = sourcecode.c.h; path = CAReplicatorLayerViewController.h; sourceTree = "<group>"; };
		BDBBE0F91DC08D2D00BABF82 /* CAReplicatorLayerViewController.m */ = {isa = PBXFileReference; fileEncoding = 4; lastKnownFileType = sourcecode.c.objc; path = CAReplicatorLayerViewController.m; sourceTree = "<group>"; };
/* End PBXFileReference section */

/* Begin PBXFrameworksBuildPhase section */
		BDBBE0311DB4A40E00BABF82 /* Frameworks */ = {
			isa = PBXFrameworksBuildPhase;
			buildActionMask = 2147483647;
			files = (
			);
			runOnlyForDeploymentPostprocessing = 0;
		};
/* End PBXFrameworksBuildPhase section */

/* Begin PBXGroup section */
		BD38F15C1DC97A7100C2A106 /* Category */ = {
			isa = PBXGroup;
			children = (
				BD38F1631DC97A9700C2A106 /* UIView+PYFrame.h */,
				BD38F1641DC97A9700C2A106 /* UIView+PYFrame.m */,
				BD38F15D1DC97A8300C2A106 /* UIButton+CJ.h */,
				BD38F15E1DC97A8300C2A106 /* UIButton+CJ.m */,
				BD38F15F1DC97A8300C2A106 /* UILabel+CJ.h */,
				BD38F1601DC97A8300C2A106 /* UILabel+CJ.m */,
			);
			path = Category;
			sourceTree = "<group>";
		};
		BDBBE02B1DB4A40E00BABF82 = {
			isa = PBXGroup;
			children = (
				BDBBE0361DB4A40E00BABF82 /* Learning */,
				BDBBE0351DB4A40E00BABF82 /* Products */,
			);
			sourceTree = "<group>";
		};
		BDBBE0351DB4A40E00BABF82 /* Products */ = {
			isa = PBXGroup;
			children = (
				BDBBE0341DB4A40E00BABF82 /* Learning.app */,
			);
			name = Products;
			sourceTree = "<group>";
		};
		BDBBE0361DB4A40E00BABF82 /* Learning */ = {
			isa = PBXGroup;
			children = (
				BD38F15C1DC97A7100C2A106 /* Category */,
				BDBBE08F1DBDA51C00BABF82 /* Controller */,
				BDBBE0901DBDA51C00BABF82 /* Model */,
				BDBBE0911DBDA51C00BABF82 /* Tool */,
				BDBBE08A1DB750A900BABF82 /* UIView */,
				BDBBE03A1DB4A40E00BABF82 /* AppDelegate.h */,
				BDBBE03B1DB4A40E00BABF82 /* AppDelegate.m */,
				BDBBE04E1DB4A45500BABF82 /* MainTableViewController.h */,
				BDBBE04F1DB4A45500BABF82 /* MainTableViewController.m */,
				BDBBE0431DB4A40E00BABF82 /* Assets.xcassets */,
				BDBBE0451DB4A40E00BABF82 /* LaunchScreen.storyboard */,
				BDBBE0481DB4A40E00BABF82 /* Info.plist */,
				BDBBE0EE1DBF313800BABF82 /* PrefixHeader.pch */,
				BDBBE0371DB4A40E00BABF82 /* Supporting Files */,
			);
			path = Learning;
			sourceTree = "<group>";
		};
		BDBBE0371DB4A40E00BABF82 /* Supporting Files */ = {
			isa = PBXGroup;
			children = (
				BDBBE0381DB4A40E00BABF82 /* main.m */,
			);
			name = "Supporting Files";
			sourceTree = "<group>";
		};
		BDBBE08A1DB750A900BABF82 /* UIView */ = {
			isa = PBXGroup;
			children = (
				BD38F1561DC979E200C2A106 /* XView.h */,
				BD38F1571DC979E200C2A106 /* XView.m */,
				BDBBE08B1DB750C900BABF82 /* WaveEffectView.h */,
				BDBBE08C1DB750C900BABF82 /* WaveEffectView.m */,
			);
			path = UIView;
			sourceTree = "<group>";
		};
		BDBBE08F1DBDA51C00BABF82 /* Controller */ = {
			isa = PBXGroup;
			children = (
				BDBBE0EF1DBF47A900BABF82 /* WaveEffectViewController.h */,
				BDBBE0F01DBF47A900BABF82 /* WaveEffectViewController.m */,
				BDBBE0E91DBF2A5100BABF82 /* MaskLayerViewController.h */,
				BDBBE0EA1DBF2A5100BABF82 /* MaskLayerViewController.m */,
				BDBBE0EB1DBF2A5100BABF82 /* MaskLayerViewController.xib */,
				BDBBE0F51DBF4A1900BABF82 /* CAGradientLayerViewController.h */,
				BDBBE0F61DBF4A1900BABF82 /* CAGradientLayerViewController.m */,
				BDBBE0F81DC08D2D00BABF82 /* CAReplicatorLayerViewController.h */,
				BDBBE0F91DC08D2D00BABF82 /* CAReplicatorLayerViewController.m */,
				BD38F1531DC9799600C2A106 /* UIViewTransitionViewController.h */,
				BD38F1541DC9799600C2A106 /* UIViewTransitionViewController.m */,
			);
			path = Controller;
			sourceTree = "<group>";
		};
		BDBBE0901DBDA51C00BABF82 /* Model */ = {
			isa = PBXGroup;
			children = (
				BDBBE0F21DBF47B200BABF82 /* VCModel.h */,
				BDBBE0F31DBF47B200BABF82 /* VCModel.m */,
			);
			path = Model;
			sourceTree = "<group>";
		};
		BDBBE0911DBDA51C00BABF82 /* Tool */ = {
			isa = PBXGroup;
			children = (
				BD38F1591DC97A5200C2A106 /* CJTimer.h */,
				BD38F15A1DC97A5200C2A106 /* CJTimer.m */,
			);
			path = Tool;
			sourceTree = "<group>";
		};
/* End PBXGroup section */

/* Begin PBXNativeTarget section */
		BDBBE0331DB4A40E00BABF82 /* Learning */ = {
			isa = PBXNativeTarget;
			buildConfigurationList = BDBBE04B1DB4A40E00BABF82 /* Build configuration list for PBXNativeTarget "Learning" */;
			buildPhases = (
				BDBBE0301DB4A40E00BABF82 /* Sources */,
				BDBBE0311DB4A40E00BABF82 /* Frameworks */,
				BDBBE0321DB4A40E00BABF82 /* Resources */,
			);
			buildRules = (
			);
			dependencies = (
			);
			name = Learning;
			productName = Learning;
			productReference = BDBBE0341DB4A40E00BABF82 /* Learning.app */;
			productType = "com.apple.product-type.application";
		};
/* End PBXNativeTarget section */

/* Begin PBXProject section */
		BDBBE02C1DB4A40E00BABF82 /* Project object */ = {
			isa = PBXProject;
			attributes = {
				LastUpgradeCheck = 0800;
				ORGANIZATIONNAME = WHBK;
				TargetAttributes = {
					BDBBE0331DB4A40E00BABF82 = {
						CreatedOnToolsVersion = 8.0;
						ProvisioningStyle = Manual;
					};
				};
			};
			buildConfigurationList = BDBBE02F1DB4A40E00BABF82 /* Build configuration list for PBXProject "Learning" */;
			compatibilityVersion = "Xcode 3.2";
			developmentRegion = English;
			hasScannedForEncodings = 0;
			knownRegions = (
				en,
				Base,
			);
			mainGroup = BDBBE02B1DB4A40E00BABF82;
			productRefGroup = BDBBE0351DB4A40E00BABF82 /* Products */;
			projectDirPath = "";
			projectRoot = "";
			targets = (
				BDBBE0331DB4A40E00BABF82 /* Learning */,
			);
		};
/* End PBXProject section */

/* Begin PBXResourcesBuildPhase section */
		BDBBE0321DB4A40E00BABF82 /* Resources */ = {
			isa = PBXResourcesBuildPhase;
			buildActionMask = 2147483647;
			files = (
				BDBBE0ED1DBF2A5100BABF82 /* MaskLayerViewController.xib in Resources */,
				BDBBE0471DB4A40E00BABF82 /* LaunchScreen.storyboard in Resources */,
				BDBBE0441DB4A40E00BABF82 /* Assets.xcassets in Resources */,
			);
			runOnlyForDeploymentPostprocessing = 0;
		};
/* End PBXResourcesBuildPhase section */

/* Begin PBXSourcesBuildPhase section */
		BDBBE0301DB4A40E00BABF82 /* Sources */ = {
			isa = PBXSourcesBuildPhase;
			buildActionMask = 2147483647;
			files = (
				BD38F1551DC9799600C2A106 /* UIViewTransitionViewController.m in Sources */,
				BD38F1651DC97A9700C2A106 /* UIView+PYFrame.m in Sources */,
				BD38F1611DC97A8300C2A106 /* UIButton+CJ.m in Sources */,
				BDBBE0F71DBF4A1900BABF82 /* CAGradientLayerViewController.m in Sources */,
				BD38F15B1DC97A5200C2A106 /* CJTimer.m in Sources */,
				BDBBE0EC1DBF2A5100BABF82 /* MaskLayerViewController.m in Sources */,
				BD38F1621DC97A8300C2A106 /* UILabel+CJ.m in Sources */,
				BDBBE0501DB4A45500BABF82 /* MainTableViewController.m in Sources */,
				BDBBE08D1DB750C900BABF82 /* WaveEffectView.m in Sources */,
				BDBBE0F41DBF47B200BABF82 /* VCModel.m in Sources */,
				BDBBE03C1DB4A40E00BABF82 /* AppDelegate.m in Sources */,
				BDBBE0F11DBF47A900BABF82 /* WaveEffectViewController.m in Sources */,
				BD38F1581DC979E200C2A106 /* XView.m in Sources */,
				BDBBE0391DB4A40E00BABF82 /* main.m in Sources */,
				BDBBE0FA1DC08D2D00BABF82 /* CAReplicatorLayerViewController.m in Sources */,
			);
			runOnlyForDeploymentPostprocessing = 0;
		};
/* End PBXSourcesBuildPhase section */

/* Begin PBXVariantGroup section */
		BDBBE0451DB4A40E00BABF82 /* LaunchScreen.storyboard */ = {
			isa = PBXVariantGroup;
			children = (
				BDBBE0461DB4A40E00BABF82 /* Base */,
			);
			name = LaunchScreen.storyboard;
			sourceTree = "<group>";
		};
/* End PBXVariantGroup section */

/* Begin XCBuildConfiguration section */
		BDBBE0491DB4A40E00BABF82 /* Debug */ = {
			isa = XCBuildConfiguration;
			buildSettings = {
				ALWAYS_SEARCH_USER_PATHS = NO;
				CLANG_ANALYZER_NONNULL = YES;
				CLANG_CXX_LANGUAGE_STANDARD = "gnu++0x";
				CLANG_CXX_LIBRARY = "libc++";
				CLANG_ENABLE_MODULES = YES;
				CLANG_ENABLE_OBJC_ARC = YES;
				CLANG_WARN_BOOL_CONVERSION = YES;
				CLANG_WARN_CONSTANT_CONVERSION = YES;
				CLANG_WARN_DIRECT_OBJC_ISA_USAGE = YES_ERROR;
				CLANG_WARN_DOCUMENTATION_COMMENTS = YES;
				CLANG_WARN_EMPTY_BODY = YES;
				CLANG_WARN_ENUM_CONVERSION = YES;
				CLANG_WARN_INFINITE_RECURSION = YES;
				CLANG_WARN_INT_CONVERSION = YES;
				CLANG_WARN_OBJC_ROOT_CLASS = YES_ERROR;
				CLANG_WARN_SUSPICIOUS_MOVES = YES;
				CLANG_WARN_UNREACHABLE_CODE = YES;
				CLANG_WARN__DUPLICATE_METHOD_MATCH = YES;
				"CODE_SIGN_IDENTITY[sdk=iphoneos*]" = "iPhone Developer";
				COPY_PHASE_STRIP = NO;
				DEBUG_INFORMATION_FORMAT = dwarf;
				ENABLE_STRICT_OBJC_MSGSEND = YES;
				ENABLE_TESTABILITY = YES;
				GCC_C_LANGUAGE_STANDARD = gnu99;
				GCC_DYNAMIC_NO_PIC = NO;
				GCC_NO_COMMON_BLOCKS = YES;
				GCC_OPTIMIZATION_LEVEL = 0;
				GCC_PREPROCESSOR_DEFINITIONS = (
					"DEBUG=1",
					"$(inherited)",
				);
				GCC_WARN_64_TO_32_BIT_CONVERSION = YES;
				GCC_WARN_ABOUT_RETURN_TYPE = YES_ERROR;
				GCC_WARN_UNDECLARED_SELECTOR = YES;
				GCC_WARN_UNINITIALIZED_AUTOS = YES_AGGRESSIVE;
				GCC_WARN_UNUSED_FUNCTION = YES;
				GCC_WARN_UNUSED_VARIABLE = YES;
				IPHONEOS_DEPLOYMENT_TARGET = 10.0;
				MTL_ENABLE_DEBUG_INFO = YES;
				ONLY_ACTIVE_ARCH = YES;
				SDKROOT = iphoneos;
			};
			name = Debug;
		};
		BDBBE04A1DB4A40E00BABF82 /* Release */ = {
			isa = XCBuildConfiguration;
			buildSettings = {
				ALWAYS_SEARCH_USER_PATHS = NO;
				CLANG_ANALYZER_NONNULL = YES;
				CLANG_CXX_LANGUAGE_STANDARD = "gnu++0x";
				CLANG_CXX_LIBRARY = "libc++";
				CLANG_ENABLE_MODULES = YES;
				CLANG_ENABLE_OBJC_ARC = YES;
				CLANG_WARN_BOOL_CONVERSION = YES;
				CLANG_WARN_CONSTANT_CONVERSION = YES;
				CLANG_WARN_DIRECT_OBJC_ISA_USAGE = YES_ERROR;
				CLANG_WARN_DOCUMENTATION_COMMENTS = YES;
				CLANG_WARN_EMPTY_BODY = YES;
				CLANG_WARN_ENUM_CONVERSION = YES;
				CLANG_WARN_INFINITE_RECURSION = YES;
				CLANG_WARN_INT_CONVERSION = YES;
				CLANG_WARN_OBJC_ROOT_CLASS = YES_ERROR;
				CLANG_WARN_SUSPICIOUS_MOVES = YES;
				CLANG_WARN_UNREACHABLE_CODE = YES;
				CLANG_WARN__DUPLICATE_METHOD_MATCH = YES;
				"CODE_SIGN_IDENTITY[sdk=iphoneos*]" = "iPhone Developer";
				COPY_PHASE_STRIP = NO;
				DEBUG_INFORMATION_FORMAT = "dwarf-with-dsym";
				ENABLE_NS_ASSERTIONS = NO;
				ENABLE_STRICT_OBJC_MSGSEND = YES;
				GCC_C_LANGUAGE_STANDARD = gnu99;
				GCC_NO_COMMON_BLOCKS = YES;
				GCC_WARN_64_TO_32_BIT_CONVERSION = YES;
				GCC_WARN_ABOUT_RETURN_TYPE = YES_ERROR;
				GCC_WARN_UNDECLARED_SELECTOR = YES;
				GCC_WARN_UNINITIALIZED_AUTOS = YES_AGGRESSIVE;
				GCC_WARN_UNUSED_FUNCTION = YES;
				GCC_WARN_UNUSED_VARIABLE = YES;
				IPHONEOS_DEPLOYMENT_TARGET = 10.0;
				MTL_ENABLE_DEBUG_INFO = NO;
				SDKROOT = iphoneos;
				VALIDATE_PRODUCT = YES;
			};
			name = Release;
		};
		BDBBE04C1DB4A40E00BABF82 /* Debug */ = {
			isa = XCBuildConfiguration;
			buildSettings = {
				ASSETCATALOG_COMPILER_APPICON_NAME = AppIcon;
				DEVELOPMENT_TEAM = "";
				GCC_PRECOMPILE_PREFIX_HEADER = YES;
				GCC_PREFIX_HEADER = Learning/PrefixHeader.pch;
				INFOPLIST_FILE = Learning/Info.plist;
				IPHONEOS_DEPLOYMENT_TARGET = 9.0;
				LD_RUNPATH_SEARCH_PATHS = "$(inherited) @executable_path/Frameworks";
				PRODUCT_BUNDLE_IDENTIFIER = com.paykee.jingcai.Learning;
				PRODUCT_NAME = "$(TARGET_NAME)";
			};
			name = Debug;
		};
		BDBBE04D1DB4A40E00BABF82 /* Release */ = {
			isa = XCBuildConfiguration;
			buildSettings = {
				ASSETCATALOG_COMPILER_APPICON_NAME = AppIcon;
				DEVELOPMENT_TEAM = "";
				GCC_PRECOMPILE_PREFIX_HEADER = YES;
				GCC_PREFIX_HEADER = Learning/PrefixHeader.pch;
				INFOPLIST_FILE = Learning/Info.plist;
				IPHONEOS_DEPLOYMENT_TARGET = 9.0;
				LD_RUNPATH_SEARCH_PATHS = "$(inherited) @executable_path/Frameworks";
				PRODUCT_BUNDLE_IDENTIFIER = com.paykee.jingcai.Learning;
				PRODUCT_NAME = "$(TARGET_NAME)";
			};
			name = Release;
		};
/* End XCBuildConfiguration section */

/* Begin XCConfigurationList section */
		BDBBE02F1DB4A40E00BABF82 /* Build configuration list for PBXProject "Learning" */ = {
			isa = XCConfigurationList;
			buildConfigurations = (
				BDBBE0491DB4A40E00BABF82 /* Debug */,
				BDBBE04A1DB4A40E00BABF82 /* Release */,
			);
			defaultConfigurationIsVisible = 0;
			defaultConfigurationName = Release;
		};
		BDBBE04B1DB4A40E00BABF82 /* Build configuration list for PBXNativeTarget "Learning" */ = {
			isa = XCConfigurationList;
			buildConfigurations = (
				BDBBE04C1DB4A40E00BABF82 /* Debug */,
				BDBBE04D1DB4A40E00BABF82 /* Release */,
			);
			defaultConfigurationIsVisible = 0;
			defaultConfigurationName = Release;
		};
/* End XCConfigurationList section */
	};
	rootObject = BDBBE02C1DB4A40E00BABF82 /* Project object */;
}
